
Microsoft Visual Studio Solution File, Format Version 12.00
# Visual Studio Version 17
VisualStudioVersion = 17.7.34024.191
MinimumVisualStudioVersion = 10.0.40219.1
Project("{FAE04EC0-301F-11D3-BF4B-00C04F79EFBC}") = "E-Okul Projesi", "E-Okul Projesi\E-Okul Projesi.csproj", "{74C2B9C2-6C33-45EB-A0AC-84D2C580E45E}"
EndProject
Project("{54435603-DBB4-11D2-8724-00A0C9A8B90C}") = "E-OkulProjesiSetup", "E-OkulProjesiSetup\E-OkulProjesiSetup.vdproj", "{6B60BE9D-34BB-4629-88A8-0A2D0832DC1A}"
EndProject
Global
	GlobalSection(SolutionConfigurationPlatforms) = preSolution
		Debug|Any CPU = Debug|Any CPU
		Release|Any CPU = Release|Any CPU
	EndGlobalSection
	GlobalSection(ProjectConfigurationPlatforms) = postSolution
		{74C2B9C2-6C33-45EB-A0AC-84D2C580E45E}.Debug|Any CPU.ActiveCfg = Debug|Any CPU
		{74C2B9C2-6C33-45EB-A0AC-84D2C580E45E}.Debug|Any CPU.Build.0 = Debug|Any CPU
		{74C2B9C2-6C33-45EB-A0AC-84D2C580E45E}.Release|Any CPU.ActiveCfg = Release|Any CPU
		{74C2B9C2-6C33-45EB-A0AC-84D2C580E45E}.Release|Any CPU.Build.0 = Release|Any CPU
		{6B60BE9D-34BB-4629-88A8-0A2D0832DC1A}.Debug|Any CPU.ActiveCfg = Debug
		{6B60BE9D-34BB-4629-88A8-0A2D0832DC1A}.Release|Any CPU.ActiveCfg = Release
	EndGlobalSection
	GlobalSection(SolutionProperties) = preSolution
		HideSolutionNode = FALSE
	EndGlobalSection
	GlobalSection(ExtensibilityGlobals) = postSolution
		SolutionGuid = {DBCE6F6B-D121-4DD4-8C7C-EF12910400E5}
	EndGlobalSection
EndGlobal
